
Microsoft Visual Studio Solution File, Format Version 12.00
# Visual Studio 2012
Project("{FAE04EC0-301F-11D3-BF4B-00C04F79EFBC}") = "LoginPage.WebUI", "LoginPage.WebUI\LoginPage.WebUI.csproj", "{163FA5BC-9DE3-4B91-AEE9-40D7A6D50139}"
EndProject
Global
	GlobalSection(SolutionConfigurationPlatforms) = preSolution
		Debug|Any CPU = Debug|Any CPU
		Release|Any CPU = Release|Any CPU
	EndGlobalSection
	GlobalSection(ProjectConfigurationPlatforms) = postSolution
		{163FA5BC-9DE3-4B91-AEE9-40D7A6D50139}.Debug|Any CPU.ActiveCfg = Debug|Any CPU
		{163FA5BC-9DE3-4B91-AEE9-40D7A6D50139}.Debug|Any CPU.Build.0 = Debug|Any CPU
		{163FA5BC-9DE3-4B91-AEE9-40D7A6D50139}.Release|Any CPU.ActiveCfg = Release|Any CPU
		{163FA5BC-9DE3-4B91-AEE9-40D7A6D50139}.Release|Any CPU.Build.0 = Release|Any CPU
	EndGlobalSection
	GlobalSection(SolutionProperties) = preSolution
		HideSolutionNode = FALSE
	EndGlobalSection
EndGlobal
